
Microsoft Visual Studio Solution File, Format Version 12.00
# Visual Studio Version 17
VisualStudioVersion = 17.13.35825.156
MinimumVisualStudioVersion = 10.0.40219.1
Project("{FAE04EC0-301F-11D3-BF4B-00C04F79EFBC}") = "RandomStuffFrontEnd", "RandomStuffFrontEnd\RandomStuffFrontEnd.csproj", "{0B2C097E-C474-47B9-BDC8-AFE74F0554B8}"
EndProject
Global
	GlobalSection(SolutionConfigurationPlatforms) = preSolution
		Debug|Any CPU = Debug|Any CPU
		Release|Any CPU = Release|Any CPU
	EndGlobalSection
	GlobalSection(ProjectConfigurationPlatforms) = postSolution
		{0B2C097E-C474-47B9-BDC8-AFE74F0554B8}.Debug|Any CPU.ActiveCfg = Debug|Any CPU
		{0B2C097E-C474-47B9-BDC8-AFE74F0554B8}.Debug|Any CPU.Build.0 = Debug|Any CPU
		{0B2C097E-C474-47B9-BDC8-AFE74F0554B8}.Release|Any CPU.ActiveCfg = Release|Any CPU
		{0B2C097E-C474-47B9-BDC8-AFE74F0554B8}.Release|Any CPU.Build.0 = Release|Any CPU
	EndGlobalSection
	GlobalSection(SolutionProperties) = preSolution
		HideSolutionNode = FALSE
	EndGlobalSection
	GlobalSection(ExtensibilityGlobals) = postSolution
		SolutionGuid = {AC463B15-FB05-4E40-AC0C-3367817235E5}
	EndGlobalSection
EndGlobal
